// !$*UTF8*$!
{
	archiveVersion = 1;
	classes = {
	};
	objectVersion = 56;
	objects = {

/* Begin PBXBuildFile section */
		60603B732976D07100EF548A /* AppDelegate.swift in Sources */ = {isa = PBXBuildFile; fileRef = 60603B722976D07100EF548A /* AppDelegate.swift */; };
		60603B752976D07100EF548A /* SceneDelegate.swift in Sources */ = {isa = PBXBuildFile; fileRef = 60603B742976D07100EF548A /* SceneDelegate.swift */; };
		60603B772976D07100EF548A /* ViewController.swift in Sources */ = {isa = PBXBuildFile; fileRef = 60603B762976D07100EF548A /* ViewController.swift */; };
		60603B7A2976D07100EF548A /* Main.storyboard in Resources */ = {isa = PBXBuildFile; fileRef = 60603B782976D07100EF548A /* Main.storyboard */; };
		60603B7D2976D07100EF548A /* practiceSaveData.xcdatamodeld in Sources */ = {isa = PBXBuildFile; fileRef = 60603B7B2976D07100EF548A /* practiceSaveData.xcdatamodeld */; };
		60603B7F2976D07100EF548A /* Assets.xcassets in Resources */ = {isa = PBXBuildFile; fileRef = 60603B7E2976D07100EF548A /* Assets.xcassets */; };
		60603B822976D07100EF548A /* LaunchScreen.storyboard in Resources */ = {isa = PBXBuildFile; fileRef = 60603B802976D07100EF548A /* LaunchScreen.storyboard */; };
		60603B8B2976D1CA00EF548A /* UserData+CoreDataClass.swift in Sources */ = {isa = PBXBuildFile; fileRef = 60603B892976D1CA00EF548A /* UserData+CoreDataClass.swift */; };
		60603B8C2976D1CA00EF548A /* UserData+CoreDataProperties.swift in Sources */ = {isa = PBXBuildFile; fileRef = 60603B8A2976D1CA00EF548A /* UserData+CoreDataProperties.swift */; };
		60603B8F2976D24200EF548A /* CoreData.framework in Frameworks */ = {isa = PBXBuildFile; fileRef = 60603B8E2976D24200EF548A /* CoreData.framework */; };
		60603B912976D7D300EF548A /* dataHelper.swift in Sources */ = {isa = PBXBuildFile; fileRef = 60603B902976D7D300EF548A /* dataHelper.swift */; };
		60AE966529782EBE002D8B34 /* TableViewCell.swift in Sources */ = {isa = PBXBuildFile; fileRef = 60AE966429782EBE002D8B34 /* TableViewCell.swift */; };
		60AE966729783071002D8B34 /* NewViewController.swift in Sources */ = {isa = PBXBuildFile; fileRef = 60AE966629783071002D8B34 /* NewViewController.swift */; };
/* End PBXBuildFile section */

/* Begin PBXFileReference section */
		60603B6F2976D07100EF548A /* practiceSaveData.app */ = {isa = PBXFileReference; explicitFileType = wrapper.application; includeInIndex = 0; path = practiceSaveData.app; sourceTree = BUILT_PRODUCTS_DIR; };
		60603B722976D07100EF548A /* AppDelegate.swift */ = {isa = PBXFileReference; lastKnownFileType = sourcecode.swift; path = AppDelegate.swift; sourceTree = "<group>"; };
		60603B742976D07100EF548A /* SceneDelegate.swift */ = {isa = PBXFileReference; lastKnownFileType = sourcecode.swift; path = SceneDelegate.swift; sourceTree = "<group>"; };
		60603B762976D07100EF548A /* ViewController.swift */ = {isa = PBXFileReference; lastKnownFileType = sourcecode.swift; path = ViewController.swift; sourceTree = "<group>"; };
		60603B792976D07100EF548A /* Base */ = {isa = PBXFileReference; lastKnownFileType = file.storyboard; name = Base; path = Base.lproj/Main.storyboard; sourceTree = "<group>"; };
		60603B7C2976D07100EF548A /* practiceSaveData.xcdatamodel */ = {isa = PBXFileReference; lastKnownFileType = wrapper.xcdatamodel; path = practiceSaveData.xcdatamodel; sourceTree = "<group>"; };
		60603B7E2976D07100EF548A /* Assets.xcassets */ = {isa = PBXFileReference; lastKnownFileType = folder.assetcatalog; path = Assets.xcassets; sourceTree = "<group>"; };
		60603B812976D07100EF548A /* Base */ = {isa = PBXFileReference; lastKnownFileType = file.storyboard; name = Base; path = Base.lproj/LaunchScreen.storyboard; sourceTree = "<group>"; };
		60603B832976D07100EF548A /* Info.plist */ = {isa = PBXFileReference; lastKnownFileType = text.plist.xml; path = Info.plist; sourceTree = "<group>"; };
		60603B892976D1CA00EF548A /* UserData+CoreDataClass.swift */ = {isa = PBXFileReference; lastKnownFileType = sourcecode.swift; path = "UserData+CoreDataClass.swift"; sourceTree = "<group>"; };
		60603B8A2976D1CA00EF548A /* UserData+CoreDataProperties.swift */ = {isa = PBXFileReference; lastKnownFileType = sourcecode.swift; path = "UserData+CoreDataProperties.swift"; sourceTree = "<group>"; };
		60603B8E2976D24200EF548A /* CoreData.framework */ = {isa = PBXFileReference; lastKnownFileType = wrapper.framework; name = CoreData.framework; path = System/Library/Frameworks/CoreData.framework; sourceTree = SDKROOT; };
		60603B902976D7D300EF548A /* dataHelper.swift */ = {isa = PBXFileReference; lastKnownFileType = sourcecode.swift; path = dataHelper.swift; sourceTree = "<group>"; };
		60AE966429782EBE002D8B34 /* TableViewCell.swift */ = {isa = PBXFileReference; lastKnownFileType = sourcecode.swift; path = TableViewCell.swift; sourceTree = "<group>"; };
		60AE966629783071002D8B34 /* NewViewController.swift */ = {isa = PBXFileReference; lastKnownFileType = sourcecode.swift; path = NewViewController.swift; sourceTree = "<group>"; };
/* End PBXFileReference section */

/* Begin PBXFrameworksBuildPhase section */
		60603B6C2976D07100EF548A /* Frameworks */ = {
			isa = PBXFrameworksBuildPhase;
			buildActionMask = 2147483647;
			files = (
				60603B8F2976D24200EF548A /* CoreData.framework in Frameworks */,
			);
			runOnlyForDeploymentPostprocessing = 0;
		};
/* End PBXFrameworksBuildPhase section */

/* Begin PBXGroup section */
		60603B662976D07100EF548A = {
			isa = PBXGroup;
			children = (
				60603B892976D1CA00EF548A /* UserData+CoreDataClass.swift */,
				60603B8A2976D1CA00EF548A /* UserData+CoreDataProperties.swift */,
				60603B712976D07100EF548A /* practiceSaveData */,
				60603B702976D07100EF548A /* Products */,
				60603B8D2976D24200EF548A /* Frameworks */,
			);
			sourceTree = "<group>";
		};
		60603B702976D07100EF548A /* Products */ = {
			isa = PBXGroup;
			children = (
				60603B6F2976D07100EF548A /* practiceSaveData.app */,
			);
			name = Products;
			sourceTree = "<group>";
		};
		60603B712976D07100EF548A /* practiceSaveData */ = {
			isa = PBXGroup;
			children = (
				60603B722976D07100EF548A /* AppDelegate.swift */,
				60603B742976D07100EF548A /* SceneDelegate.swift */,
				60603B762976D07100EF548A /* ViewController.swift */,
				60AE966629783071002D8B34 /* NewViewController.swift */,
				60AE966429782EBE002D8B34 /* TableViewCell.swift */,
				60603B902976D7D300EF548A /* dataHelper.swift */,
				60603B782976D07100EF548A /* Main.storyboard */,
				60603B7E2976D07100EF548A /* Assets.xcassets */,
				60603B802976D07100EF548A /* LaunchScreen.storyboard */,
				60603B832976D07100EF548A /* Info.plist */,
				60603B7B2976D07100EF548A /* practiceSaveData.xcdatamodeld */,
			);
			path = practiceSaveData;
			sourceTree = "<group>";
		};
		60603B8D2976D24200EF548A /* Frameworks */ = {
			isa = PBXGroup;
			children = (
				60603B8E2976D24200EF548A /* CoreData.framework */,
			);
			name = Frameworks;
			sourceTree = "<group>";
		};
/* End PBXGroup section */

/* Begin PBXNativeTarget section */
		60603B6E2976D07100EF548A /* practiceSaveData */ = {
			isa = PBXNativeTarget;
			buildConfigurationList = 60603B862976D07100EF548A /* Build configuration list for PBXNativeTarget "practiceSaveData" */;
			buildPhases = (
				60603B6B2976D07100EF548A /* Sources */,
				60603B6C2976D07100EF548A /* Frameworks */,
				60603B6D2976D07100EF548A /* Resources */,
			);
			buildRules = (
			);
			dependencies = (
			);
			name = practiceSaveData;
			productName = practiceSaveData;
			productReference = 60603B6F2976D07100EF548A /* practiceSaveData.app */;
			productType = "com.apple.product-type.application";
		};
/* End PBXNativeTarget section */

/* Begin PBXProject section */
		60603B672976D07100EF548A /* Project object */ = {
			isa = PBXProject;
			attributes = {
				BuildIndependentTargetsInParallel = 1;
				LastSwiftUpdateCheck = 1410;
				LastUpgradeCheck = 1410;
				TargetAttributes = {
					60603B6E2976D07100EF548A = {
						CreatedOnToolsVersion = 14.1;
					};
				};
			};
			buildConfigurationList = 60603B6A2976D07100EF548A /* Build configuration list for PBXProject "practiceSaveData" */;
			compatibilityVersion = "Xcode 14.0";
			developmentRegion = en;
			hasScannedForEncodings = 0;
			knownRegions = (
				en,
				Base,
			);
			mainGroup = 60603B662976D07100EF548A;
			productRefGroup = 60603B702976D07100EF548A /* Products */;
			projectDirPath = "";
			projectRoot = "";
			targets = (
				60603B6E2976D07100EF548A /* practiceSaveData */,
			);
		};
/* End PBXProject section */

/* Begin PBXResourcesBuildPhase section */
		60603B6D2976D07100EF548A /* Resources */ = {
			isa = PBXResourcesBuildPhase;
			buildActionMask = 2147483647;
			files = (
				60603B822976D07100EF548A /* LaunchScreen.storyboard in Resources */,
				60603B7F2976D07100EF548A /* Assets.xcassets in Resources */,
				60603B7A2976D07100EF548A /* Main.storyboard in Resources */,
			);
			runOnlyForDeploymentPostprocessing = 0;
		};
/* End PBXResourcesBuildPhase section */

/* Begin PBXSourcesBuildPhase section */
		60603B6B2976D07100EF548A /* Sources */ = {
			isa = PBXSourcesBuildPhase;
			buildActionMask = 2147483647;
			files = (
				60603B8C2976D1CA00EF548A /* UserData+CoreDataProperties.swift in Sources */,
				60AE966529782EBE002D8B34 /* TableViewCell.swift in Sources */,
				60603B8B2976D1CA00EF548A /* UserData+CoreDataClass.swift in Sources */,
				60603B912976D7D300EF548A /* dataHelper.swift in Sources */,
				60603B772976D07100EF548A /* ViewController.swift in Sources */,
				60603B7D2976D07100EF548A /* practiceSaveData.xcdatamodeld in Sources */,
				60AE966729783071002D8B34 /* NewViewController.swift in Sources */,
				60603B732976D07100EF548A /* AppDelegate.swift in Sources */,
				60603B752976D07100EF548A /* SceneDelegate.swift in Sources */,
			);
			runOnlyForDeploymentPostprocessing = 0;
		};
/* End PBXSourcesBuildPhase section */

/* Begin PBXVariantGroup section */
		60603B782976D07100EF548A /* Main.storyboard */ = {
			isa = PBXVariantGroup;
			children = (
				60603B792976D07100EF548A /* Base */,
			);
			name = Main.storyboard;
			sourceTree = "<group>";
		};
		60603B802976D07100EF548A /* LaunchScreen.storyboard */ = {
			isa = PBXVariantGroup;
			children = (
				60603B812976D07100EF548A /* Base */,
			);
			name = LaunchScreen.storyboard;
			sourceTree = "<group>";
		};
/* End PBXVariantGroup section */

/* Begin XCBuildConfiguration section */
		60603B842976D07100EF548A /* Debug */ = {
			isa = XCBuildConfiguration;
			buildSettings = {
				ALWAYS_SEARCH_USER_PATHS = NO;
				CLANG_ANALYZER_NONNULL = YES;
				CLANG_ANALYZER_NUMBER_OBJECT_CONVERSION = YES_AGGRESSIVE;
				CLANG_CXX_LANGUAGE_STANDARD = "gnu++20";
				CLANG_ENABLE_MODULES = YES;
				CLANG_ENABLE_OBJC_ARC = YES;
				CLANG_ENABLE_OBJC_WEAK = YES;
				CLANG_WARN_BLOCK_CAPTURE_AUTORELEASING = YES;
				CLANG_WARN_BOOL_CONVERSION = YES;
				CLANG_WARN_COMMA = YES;
				CLANG_WARN_CONSTANT_CONVERSION = YES;
				CLANG_WARN_DEPRECATED_OBJC_IMPLEMENTATIONS = YES;
				CLANG_WARN_DIRECT_OBJC_ISA_USAGE = YES_ERROR;
				CLANG_WARN_DOCUMENTATION_COMMENTS = YES;
				CLANG_WARN_EMPTY_BODY = YES;
				CLANG_WARN_ENUM_CONVERSION = YES;
				CLANG_WARN_INFINITE_RECURSION = YES;
				CLANG_WARN_INT_CONVERSION = YES;
				CLANG_WARN_NON_LITERAL_NULL_CONVERSION = YES;
				CLANG_WARN_OBJC_IMPLICIT_RETAIN_SELF = YES;
				CLANG_WARN_OBJC_LITERAL_CONVERSION = YES;
				CLANG_WARN_OBJC_ROOT_CLASS = YES_ERROR;
				CLANG_WARN_QUOTED_INCLUDE_IN_FRAMEWORK_HEADER = YES;
				CLANG_WARN_RANGE_LOOP_ANALYSIS = YES;
				CLANG_WARN_STRICT_PROTOTYPES = YES;
				CLANG_WARN_SUSPICIOUS_MOVE = YES;
				CLANG_WARN_UNGUARDED_AVAILABILITY = YES_AGGRESSIVE;
				CLANG_WARN_UNREACHABLE_CODE = YES;
				CLANG_WARN__DUPLICATE_METHOD_MATCH = YES;
				COPY_PHASE_STRIP = NO;
				DEBUG_INFORMATION_FORMAT = dwarf;
				ENABLE_STRICT_OBJC_MSGSEND = YES;
				ENABLE_TESTABILITY = YES;
				GCC_C_LANGUAGE_STANDARD = gnu11;
				GCC_DYNAMIC_NO_PIC = NO;
				GCC_NO_COMMON_BLOCKS = YES;
				GCC_OPTIMIZATION_LEVEL = 0;
				GCC_PREPROCESSOR_DEFINITIONS = (
					"DEBUG=1",
					"$(inherited)",
				);
				GCC_WARN_64_TO_32_BIT_CONVERSION = YES;
				GCC_WARN_ABOUT_RETURN_TYPE = YES_ERROR;
				GCC_WARN_UNDECLARED_SELECTOR = YES;
				GCC_WARN_UNINITIALIZED_AUTOS = YES_AGGRESSIVE;
				GCC_WARN_UNUSED_FUNCTION = YES;
				GCC_WARN_UNUSED_VARIABLE = YES;
				IPHONEOS_DEPLOYMENT_TARGET = 16.1;
				MTL_ENABLE_DEBUG_INFO = INCLUDE_SOURCE;
				MTL_FAST_MATH = YES;
				ONLY_ACTIVE_ARCH = YES;
				SDKROOT = iphoneos;
				SWIFT_ACTIVE_COMPILATION_CONDITIONS = DEBUG;
				SWIFT_OPTIMIZATION_LEVEL = "-Onone";
			};
			name = Debug;
		};
		60603B852976D07100EF548A /* Release */ = {
			isa = XCBuildConfiguration;
			buildSettings = {
				ALWAYS_SEARCH_USER_PATHS = NO;
				CLANG_ANALYZER_NONNULL = YES;
				CLANG_ANALYZER_NUMBER_OBJECT_CONVERSION = YES_AGGRESSIVE;
				CLANG_CXX_LANGUAGE_STANDARD = "gnu++20";
				CLANG_ENABLE_MODULES = YES;
				CLANG_ENABLE_OBJC_ARC = YES;
				CLANG_ENABLE_OBJC_WEAK = YES;
				CLANG_WARN_BLOCK_CAPTURE_AUTORELEASING = YES;
				CLANG_WARN_BOOL_CONVERSION = YES;
				CLANG_WARN_COMMA = YES;
				CLANG_WARN_CONSTANT_CONVERSION = YES;
				CLANG_WARN_DEPRECATED_OBJC_IMPLEMENTATIONS = YES;
				CLANG_WARN_DIRECT_OBJC_ISA_USAGE = YES_ERROR;
				CLANG_WARN_DOCUMENTATION_COMMENTS = YES;
				CLANG_WARN_EMPTY_BODY = YES;
				CLANG_WARN_ENUM_CONVERSION = YES;
				CLANG_WARN_INFINITE_RECURSION = YES;
				CLANG_WARN_INT_CONVERSION = YES;
				CLANG_WARN_NON_LITERAL_NULL_CONVERSION = YES;
				CLANG_WARN_OBJC_IMPLICIT_RETAIN_SELF = YES;
				CLANG_WARN_OBJC_LITERAL_CONVERSION = YES;
				CLANG_WARN_OBJC_ROOT_CLASS = YES_ERROR;
				CLANG_WARN_QUOTED_INCLUDE_IN_FRAMEWORK_HEADER = YES;
				CLANG_WARN_RANGE_LOOP_ANALYSIS = YES;
				CLANG_WARN_STRICT_PROTOTYPES = YES;
				CLANG_WARN_SUSPICIOUS_MOVE = YES;
				CLANG_WARN_UNGUARDED_AVAILABILITY = YES_AGGRESSIVE;
				CLANG_WARN_UNREACHABLE_CODE = YES;
				CLANG_WARN__DUPLICATE_METHOD_MATCH = YES;
				COPY_PHASE_STRIP = NO;
				DEBUG_INFORMATION_FORMAT = "dwarf-with-dsym";
				ENABLE_NS_ASSERTIONS = NO;
				ENABLE_STRICT_OBJC_MSGSEND = YES;
				GCC_C_LANGUAGE_STANDARD = gnu11;
				GCC_NO_COMMON_BLOCKS = YES;
				GCC_WARN_64_TO_32_BIT_CONVERSION = YES;
				GCC_WARN_ABOUT_RETURN_TYPE = YES_ERROR;
				GCC_WARN_UNDECLARED_SELECTOR = YES;
				GCC_WARN_UNINITIALIZED_AUTOS = YES_AGGRESSIVE;
				GCC_WARN_UNUSED_FUNCTION = YES;
				GCC_WARN_UNUSED_VARIABLE = YES;
				IPHONEOS_DEPLOYMENT_TARGET = 16.1;
				MTL_ENABLE_DEBUG_INFO = NO;
				MTL_FAST_MATH = YES;
				SDKROOT = iphoneos;
				SWIFT_COMPILATION_MODE = wholemodule;
				SWIFT_OPTIMIZATION_LEVEL = "-O";
				VALIDATE_PRODUCT = YES;
			};
			name = Release;
		};
		60603B872976D07100EF548A /* Debug */ = {
			isa = XCBuildConfiguration;
			buildSettings = {
				ASSETCATALOG_COMPILER_APPICON_NAME = AppIcon;
				ASSETCATALOG_COMPILER_GLOBAL_ACCENT_COLOR_NAME = AccentColor;
				CODE_SIGN_STYLE = Automatic;
				CURRENT_PROJECT_VERSION = 1;
				GENERATE_INFOPLIST_FILE = YES;
				INFOPLIST_FILE = practiceSaveData/Info.plist;
				INFOPLIST_KEY_UIApplicationSupportsIndirectInputEvents = YES;
				INFOPLIST_KEY_UILaunchStoryboardName = LaunchScreen;
				INFOPLIST_KEY_UIMainStoryboardFile = Main;
				INFOPLIST_KEY_UISupportedInterfaceOrientations_iPad = "UIInterfaceOrientationPortrait UIInterfaceOrientationPortraitUpsideDown UIInterfaceOrientationLandscapeLeft UIInterfaceOrientationLandscapeRight";
				INFOPLIST_KEY_UISupportedInterfaceOrientations_iPhone = "UIInterfaceOrientationPortrait UIInterfaceOrientationLandscapeLeft UIInterfaceOrientationLandscapeRight";
				LD_RUNPATH_SEARCH_PATHS = (
					"$(inherited)",
					"@executable_path/Frameworks",
				);
				MARKETING_VERSION = 1.0;
				PRODUCT_BUNDLE_IDENTIFIER = "com.mukund-vaghasiya.practiceSaveData";
				PRODUCT_NAME = "$(TARGET_NAME)";
				SWIFT_EMIT_LOC_STRINGS = YES;
				SWIFT_VERSION = 5.0;
				TARGETED_DEVICE_FAMILY = "1,2";
			};
			name = Debug;
		};
		60603B882976D07100EF548A /* Release */ = {
			isa = XCBuildConfiguration;
			buildSettings = {
				ASSETCATALOG_COMPILER_APPICON_NAME = AppIcon;
				ASSETCATALOG_COMPILER_GLOBAL_ACCENT_COLOR_NAME = AccentColor;
				CODE_SIGN_STYLE = Automatic;
				CURRENT_PROJECT_VERSION = 1;
				GENERATE_INFOPLIST_FILE = YES;
				INFOPLIST_FILE = practiceSaveData/Info.plist;
				INFOPLIST_KEY_UIApplicationSupportsIndirectInputEvents = YES;
				INFOPLIST_KEY_UILaunchStoryboardName = LaunchScreen;
				INFOPLIST_KEY_UIMainStoryboardFile = Main;
				INFOPLIST_KEY_UISupportedInterfaceOrientations_iPad = "UIInterfaceOrientationPortrait UIInterfaceOrientationPortraitUpsideDown UIInterfaceOrientationLandscapeLeft UIInterfaceOrientationLandscapeRight";
				INFOPLIST_KEY_UISupportedInterfaceOrientations_iPhone = "UIInterfaceOrientationPortrait UIInterfaceOrientationLandscapeLeft UIInterfaceOrientationLandscapeRight";
				LD_RUNPATH_SEARCH_PATHS = (
					"$(inherited)",
					"@executable_path/Frameworks",
				);
				MARKETING_VERSION = 1.0;
				PRODUCT_BUNDLE_IDENTIFIER = "com.mukund-vaghasiya.practiceSaveData";
				PRODUCT_NAME = "$(TARGET_NAME)";
				SWIFT_EMIT_LOC_STRINGS = YES;
				SWIFT_VERSION = 5.0;
				TARGETED_DEVICE_FAMILY = "1,2";
			};
			name = Release;
		};
/* End XCBuildConfiguration section */

/* Begin XCConfigurationList section */
		60603B6A2976D07100EF548A /* Build configuration list for PBXProject "practiceSaveData" */ = {
			isa = XCConfigurationList;
			buildConfigurations = (
				60603B842976D07100EF548A /* Debug */,
				60603B852976D07100EF548A /* Release */,
			);
			defaultConfigurationIsVisible = 0;
			defaultConfigurationName = Release;
		};
		60603B862976D07100EF548A /* Build configuration list for PBXNativeTarget "practiceSaveData" */ = {
			isa = XCConfigurationList;
			buildConfigurations = (
				60603B872976D07100EF548A /* Debug */,
				60603B882976D07100EF548A /* Release */,
			);
			defaultConfigurationIsVisible = 0;
			defaultConfigurationName = Release;
		};
/* End XCConfigurationList section */

/* Begin XCVersionGroup section */
		60603B7B2976D07100EF548A /* practiceSaveData.xcdatamodeld */ = {
			isa = XCVersionGroup;
			children = (
				60603B7C2976D07100EF548A /* practiceSaveData.xcdatamodel */,
			);
			currentVersion = 60603B7C2976D07100EF548A /* practiceSaveData.xcdatamodel */;
			path = practiceSaveData.xcdatamodeld;
			sourceTree = "<group>";
			versionGroupType = wrapper.xcdatamodel;
		};
/* End XCVersionGroup section */
	};
	rootObject = 60603B672976D07100EF548A /* Project object */;
}
